
Microsoft Visual Studio Solution File, Format Version 11.00
# Visual Studio 2010
Project("{8BC9CEB8-8B4A-11D0-8D11-00A0C91BC942}") = "Bullets", "Bullets\Bullets.vcxproj", "{62D34CD3-8234-4562-B648-17D156E46F42}"
EndProject
Global
	GlobalSection(SolutionConfigurationPlatforms) = preSolution
		Debug|Win32 = Debug|Win32
		Release|Win32 = Release|Win32
	EndGlobalSection
	GlobalSection(ProjectConfigurationPlatforms) = postSolution
		{62D34CD3-8234-4562-B648-17D156E46F42}.Debug|Win32.ActiveCfg = Debug|Win32
		{62D34CD3-8234-4562-B648-17D156E46F42}.Debug|Win32.Build.0 = Debug|Win32
		{62D34CD3-8234-4562-B648-17D156E46F42}.Release|Win32.ActiveCfg = Release|Win32
		{62D34CD3-8234-4562-B648-17D156E46F42}.Release|Win32.Build.0 = Release|Win32
	EndGlobalSection
	GlobalSection(SolutionProperties) = preSolution
		HideSolutionNode = FALSE
	EndGlobalSection
EndGlobal
